
Microsoft Visual Studio Solution File, Format Version 12.00
# Visual Studio 15
VisualStudioVersion = 15.0.28307.271
MinimumVisualStudioVersion = 10.0.40219.1
Project("{FAE04EC0-301F-11D3-BF4B-00C04F79EFBC}") = "Task4", "Task4\Task4.csproj", "{B3598597-4D5F-451B-977B-9AA443B7BA49}"
EndProject
Global
	GlobalSection(SolutionConfigurationPlatforms) = preSolution
		Debug|Any CPU = Debug|Any CPU
		Release|Any CPU = Release|Any CPU
	EndGlobalSection
	GlobalSection(ProjectConfigurationPlatforms) = postSolution
		{B3598597-4D5F-451B-977B-9AA443B7BA49}.Debug|Any CPU.ActiveCfg = Debug|Any CPU
		{B3598597-4D5F-451B-977B-9AA443B7BA49}.Debug|Any CPU.Build.0 = Debug|Any CPU
		{B3598597-4D5F-451B-977B-9AA443B7BA49}.Release|Any CPU.ActiveCfg = Release|Any CPU
		{B3598597-4D5F-451B-977B-9AA443B7BA49}.Release|Any CPU.Build.0 = Release|Any CPU
	EndGlobalSection
	GlobalSection(SolutionProperties) = preSolution
		HideSolutionNode = FALSE
	EndGlobalSection
	GlobalSection(ExtensibilityGlobals) = postSolution
		SolutionGuid = {FBFC1C46-0123-4E92-953E-723D9A9F3735}
	EndGlobalSection
EndGlobal
