
Microsoft Visual Studio Solution File, Format Version 12.00
# Visual Studio 15
VisualStudioVersion = 15.0.28307.271
MinimumVisualStudioVersion = 10.0.40219.1
Project("{FAE04EC0-301F-11D3-BF4B-00C04F79EFBC}") = "Task2", "Task2\Task2.csproj", "{092310A4-0933-476E-8E20-C0B6BCC569D9}"
EndProject
Global
	GlobalSection(SolutionConfigurationPlatforms) = preSolution
		Debug|Any CPU = Debug|Any CPU
		Release|Any CPU = Release|Any CPU
	EndGlobalSection
	GlobalSection(ProjectConfigurationPlatforms) = postSolution
		{092310A4-0933-476E-8E20-C0B6BCC569D9}.Debug|Any CPU.ActiveCfg = Debug|Any CPU
		{092310A4-0933-476E-8E20-C0B6BCC569D9}.Debug|Any CPU.Build.0 = Debug|Any CPU
		{092310A4-0933-476E-8E20-C0B6BCC569D9}.Release|Any CPU.ActiveCfg = Release|Any CPU
		{092310A4-0933-476E-8E20-C0B6BCC569D9}.Release|Any CPU.Build.0 = Release|Any CPU
	EndGlobalSection
	GlobalSection(SolutionProperties) = preSolution
		HideSolutionNode = FALSE
	EndGlobalSection
	GlobalSection(ExtensibilityGlobals) = postSolution
		SolutionGuid = {1EE8EB66-ED72-4FD7-912D-58E1CA2E0951}
	EndGlobalSection
EndGlobal
