
Microsoft Visual Studio Solution File, Format Version 12.00
# Visual Studio 15
VisualStudioVersion = 15.0.28307.271
MinimumVisualStudioVersion = 10.0.40219.1
Project("{FAE04EC0-301F-11D3-BF4B-00C04F79EFBC}") = "Task1", "Task1\Task1.csproj", "{CEFDD696-1587-4590-8C6D-32CA9EE2F9DF}"
EndProject
Global
	GlobalSection(SolutionConfigurationPlatforms) = preSolution
		Debug|Any CPU = Debug|Any CPU
		Release|Any CPU = Release|Any CPU
	EndGlobalSection
	GlobalSection(ProjectConfigurationPlatforms) = postSolution
		{CEFDD696-1587-4590-8C6D-32CA9EE2F9DF}.Debug|Any CPU.ActiveCfg = Debug|Any CPU
		{CEFDD696-1587-4590-8C6D-32CA9EE2F9DF}.Debug|Any CPU.Build.0 = Debug|Any CPU
		{CEFDD696-1587-4590-8C6D-32CA9EE2F9DF}.Release|Any CPU.ActiveCfg = Release|Any CPU
		{CEFDD696-1587-4590-8C6D-32CA9EE2F9DF}.Release|Any CPU.Build.0 = Release|Any CPU
	EndGlobalSection
	GlobalSection(SolutionProperties) = preSolution
		HideSolutionNode = FALSE
	EndGlobalSection
	GlobalSection(ExtensibilityGlobals) = postSolution
		SolutionGuid = {AD870E54-DCE4-4E86-80AB-2743675FC525}
	EndGlobalSection
EndGlobal
